
Microsoft Visual Studio Solution File, Format Version 12.00
# Visual Studio Version 17
VisualStudioVersion = 17.2.32602.215
MinimumVisualStudioVersion = 10.0.40219.1
Project("{FAE04EC0-301F-11D3-BF4B-00C04F79EFBC}") = "cblol-fantasy-game.user-api", "cblol-fantasy-game.user-api.csproj", "{3AC1A287-596F-487E-9449-0E7D6C395255}"
EndProject
Global
	GlobalSection(SolutionConfigurationPlatforms) = preSolution
		Debug|Any CPU = Debug|Any CPU
		Release|Any CPU = Release|Any CPU
	EndGlobalSection
	GlobalSection(ProjectConfigurationPlatforms) = postSolution
		{3AC1A287-596F-487E-9449-0E7D6C395255}.Debug|Any CPU.ActiveCfg = Debug|Any CPU
		{3AC1A287-596F-487E-9449-0E7D6C395255}.Debug|Any CPU.Build.0 = Debug|Any CPU
		{3AC1A287-596F-487E-9449-0E7D6C395255}.Release|Any CPU.ActiveCfg = Release|Any CPU
		{3AC1A287-596F-487E-9449-0E7D6C395255}.Release|Any CPU.Build.0 = Release|Any CPU
	EndGlobalSection
	GlobalSection(SolutionProperties) = preSolution
		HideSolutionNode = FALSE
	EndGlobalSection
	GlobalSection(ExtensibilityGlobals) = postSolution
		SolutionGuid = {BEA92B74-B4BD-4BC7-8E81-2A9C6DE62191}
	EndGlobalSection
EndGlobal
